
Microsoft Visual Studio Solution File, Format Version 12.00
# Visual Studio Version 16
VisualStudioVersion = 16.0.32106.194
MinimumVisualStudioVersion = 10.0.40219.1
Project("{FAE04EC0-301F-11D3-BF4B-00C04F79EFBC}") = "Tech Assignment 2 - Basic Console App", "Tech Assignment 2 - Basic Console App.csproj", "{6E4A51F0-C7A5-4533-AA2D-8B4DDDB5766F}"
EndProject
Global
	GlobalSection(SolutionConfigurationPlatforms) = preSolution
		Debug|Any CPU = Debug|Any CPU
		Release|Any CPU = Release|Any CPU
	EndGlobalSection
	GlobalSection(ProjectConfigurationPlatforms) = postSolution
		{6E4A51F0-C7A5-4533-AA2D-8B4DDDB5766F}.Debug|Any CPU.ActiveCfg = Debug|Any CPU
		{6E4A51F0-C7A5-4533-AA2D-8B4DDDB5766F}.Debug|Any CPU.Build.0 = Debug|Any CPU
		{6E4A51F0-C7A5-4533-AA2D-8B4DDDB5766F}.Release|Any CPU.ActiveCfg = Release|Any CPU
		{6E4A51F0-C7A5-4533-AA2D-8B4DDDB5766F}.Release|Any CPU.Build.0 = Release|Any CPU
	EndGlobalSection
	GlobalSection(SolutionProperties) = preSolution
		HideSolutionNode = FALSE
	EndGlobalSection
	GlobalSection(ExtensibilityGlobals) = postSolution
		SolutionGuid = {0025A455-8F89-4F2E-A549-B48ACAAB3439}
	EndGlobalSection
EndGlobal
